# This file is automatically @generated by Cargo.
# It is not intended for manual editing.
version = 4

[[package]]
name = "ahash"
version = "0.7.8"
source = "registry+https://github.com/rust-lang/crates.io-index"
checksum = "891477e0c6a8957309ee5c45a6368af3ae14bb510732d2684ffa19af310920f9"
dependencies = [
 "getrandom",
 "once_cell",
 "version_check",
]

[[package]]
name = "allocator-api2"
version = "0.2.21"
source = "registry+https://github.com/rust-lang/crates.io-index"
checksum = "683d7910e743518b0e34f1186f92494becacb047c7b6bf616c96772180fef923"

[[package]]
name = "anyhow"
version = "1.0.99"
source = "registry+https://github.com/rust-lang/crates.io-index"
checksum = "b0674a1ddeecb70197781e945de4b3b8ffb61fa939a5597bcf48503737663100"

[[package]]
name = "arbitrary"
version = "1.4.2"
source = "registry+https://github.com/rust-lang/crates.io-index"
checksum = "c3d036a3c4ab069c7b410a2ce876bd74808d2d0888a82667669f8e783a898bf1"

[[package]]
name = "arrayvec"
version = "0.7.4"
source = "registry+https://github.com/rust-lang/crates.io-index"
checksum = "96d30a06541fbafbc7f82ed10c06164cfbd2c401138f6addd8404629c4b16711"

[[package]]
name = "aurora-compiler"
version = "0.1.0"
dependencies = [
 "cc",
 "cranelift",
 "cranelift-codegen 0.123.1",
 "cranelift-module",
 "cranelift-object",
 "cranelift-preopt",
 "current_platform",
 "target-lexicon 0.13.2",
]

[[package]]
name = "autocfg"
version = "1.3.0"
source = "registry+https://github.com/rust-lang/crates.io-index"
checksum = "0c4b4d0bd25bd0b74681c0ad21497610ce1b7c91b1022cd21c80c6fbdd9476b0"

[[package]]
name = "bumpalo"
version = "3.16.0"
source = "registry+https://github.com/rust-lang/crates.io-index"
checksum = "79296716171880943b8470b5f8d03aa55eb2e645a4874bdbb28adb49162e012c"
dependencies = [
 "allocator-api2",
]

[[package]]
name = "byteorder"
version = "1.5.0"
source = "registry+https://github.com/rust-lang/crates.io-index"
checksum = "1fd0f2584146f6f2ef48085050886acf353beff7305ebd1ae69500e27c67f64b"

[[package]]
name = "cc"
version = "1.0.98"
source = "registry+https://github.com/rust-lang/crates.io-index"
checksum = "41c270e7540d725e65ac7f1b212ac8ce349719624d7bcff99f8e2e488e8cf03f"

[[package]]
name = "cfg-if"
version = "1.0.0"
source = "registry+https://github.com/rust-lang/crates.io-index"
checksum = "baf1de4339761588bc0619e3cbc0120ee582ebb74b53b4efbf79117bd2da40fd"

[[package]]
name = "cranelift"
version = "0.123.1"
source = "registry+https://github.com/rust-lang/crates.io-index"
checksum = "344399237ac60ba4a3ff6c61354fb84888907d9e679b3eb9040471ad81cc6e3a"
dependencies = [
 "cranelift-codegen 0.123.1",
 "cranelift-frontend",
 "cranelift-module",
]

[[package]]
name = "cranelift-assembler-x64"
version = "0.123.1"
source = "registry+https://github.com/rust-lang/crates.io-index"
checksum = "3870e823d79cafc9c868fbea77e83fc12ec9c0e87f17ad392c71a55ec01f12a9"
dependencies = [
 "cranelift-assembler-x64-meta",
]

[[package]]
name = "cranelift-assembler-x64-meta"
version = "0.123.1"
source = "registry+https://github.com/rust-lang/crates.io-index"
checksum = "0a9fe971fab18724cbfc9a0579dd9cb6e370891991ccc8f85f3390d81392a3c0"
dependencies = [
 "cranelift-srcgen",
]

[[package]]
name = "cranelift-bforest"
version = "0.92.1"
source = "registry+https://github.com/rust-lang/crates.io-index"
checksum = "5cb658ef043a07ea4086c65f2e3d770b5dc60b8787a9ef54cf06d792cf613d82"
dependencies = [
 "cranelift-entity 0.92.1",
]

[[package]]
name = "cranelift-bforest"
version = "0.123.1"
source = "registry+https://github.com/rust-lang/crates.io-index"
checksum = "ac391df81890fc9f820461e76fb344bcebcbf72614ef99bdd03d9fb1a8cdcc5e"
dependencies = [
 "cranelift-entity 0.123.1",
]

[[package]]
name = "cranelift-bitset"
version = "0.123.1"
source = "registry+https://github.com/rust-lang/crates.io-index"
checksum = "712de3ed567438f3ca42d12547dbf30d92aef37d63ae45eabe32dd53c4ee5d00"

[[package]]
name = "cranelift-codegen"
version = "0.92.1"
source = "registry+https://github.com/rust-lang/crates.io-index"
checksum = "b36618d7ab9ad5da72935623292d364b5482ef42141e0145c0090bfc7f6b8dca"
dependencies = [
 "arrayvec",
 "bumpalo",
 "cranelift-bforest 0.92.1",
 "cranelift-codegen-meta 0.92.1",
 "cranelift-codegen-shared 0.92.1",
 "cranelift-entity 0.92.1",
 "cranelift-isle 0.92.1",
 "gimli 0.26.2",
 "hashbrown 0.12.3",
 "log",
 "regalloc2 0.5.1",
 "smallvec",
 "target-lexicon 0.12.14",
]

[[package]]
name = "cranelift-codegen"
version = "0.123.1"
source = "registry+https://github.com/rust-lang/crates.io-index"
checksum = "68e6fc48d06ef89c1ad3675fe093f2642d260eea8ceb96a9ee9ae94e51698277"
dependencies = [
 "bumpalo",
 "cranelift-assembler-x64",
 "cranelift-bforest 0.123.1",
 "cranelift-bitset",
 "cranelift-codegen-meta 0.123.1",
 "cranelift-codegen-shared 0.123.1",
 "cranelift-control",
 "cranelift-entity 0.123.1",
 "cranelift-isle 0.123.1",
 "gimli 0.32.1",
 "hashbrown 0.15.5",
 "log",
 "regalloc2 0.12.2",
 "rustc-hash",
 "serde",
 "smallvec",
 "target-lexicon 0.13.2",
 "wasmtime-internal-math",
]

[[package]]
name = "cranelift-codegen-meta"
version = "0.92.1"
source = "registry+https://github.com/rust-lang/crates.io-index"
checksum = "eb7cab168dac35a2fc53a3591ee36d145d7fc2ebbdb5c70f1f9e35764157af5a"
dependencies = [
 "cranelift-codegen-shared 0.92.1",
]

[[package]]
name = "cranelift-codegen-meta"
version = "0.123.1"
source = "registry+https://github.com/rust-lang/crates.io-index"
checksum = "a45a98cfcd528bd06c6ef2fd1846cda3695d41bd4b2823ce965a82f4abec362f"
dependencies = [
 "cranelift-assembler-x64-meta",
 "cranelift-codegen-shared 0.123.1",
 "cranelift-srcgen",
 "heck",
]

[[package]]
name = "cranelift-codegen-shared"
version = "0.92.1"
source = "registry+https://github.com/rust-lang/crates.io-index"
checksum = "7dcbdd64e35dfb910ff709e5b2d5e1348f626837685673726d985a620b9d8de5"

[[package]]
name = "cranelift-codegen-shared"
version = "0.123.1"
source = "registry+https://github.com/rust-lang/crates.io-index"
checksum = "66b12b2fef743dffdb51a5cdb95f5f92ab263ed518a7ec73aa272a4a86ea17bf"

[[package]]
name = "cranelift-control"
version = "0.123.1"
source = "registry+https://github.com/rust-lang/crates.io-index"
checksum = "5dc203df5ac23968c8ded672b6c4b6dbc0639521e50b8d27ac67c2e221f3c98b"
dependencies = [
 "arbitrary",
]

[[package]]
name = "cranelift-entity"
version = "0.92.1"
source = "registry+https://github.com/rust-lang/crates.io-index"
checksum = "5a9e39cfc857e7e539aa623e03bb6bec11f54aef3dfdef41adcfa7b594af3b54"

[[package]]
name = "cranelift-entity"
version = "0.123.1"
source = "registry+https://github.com/rust-lang/crates.io-index"
checksum = "2d01c5dca220ed9c664a4c0cf2085aa0bebaddc306be365bdd2691d4a55dd2ae"
dependencies = [
 "cranelift-bitset",
]

[[package]]
name = "cranelift-frontend"
version = "0.123.1"
source = "registry+https://github.com/rust-lang/crates.io-index"
checksum = "ecd02bd4641b10658668bf195ef92af0ecffa49a8a563de8e98f0c2d843a229d"
dependencies = [
 "cranelift-codegen 0.123.1",
 "log",
 "smallvec",
 "target-lexicon 0.13.2",
]

[[package]]
name = "cranelift-isle"
version = "0.92.1"
source = "registry+https://github.com/rust-lang/crates.io-index"
checksum = "4183c68346d657c40ea06273cc0e9c3fe25f4e51e6decf534c079f34041c43c0"

[[package]]
name = "cranelift-isle"
version = "0.123.1"
source = "registry+https://github.com/rust-lang/crates.io-index"
checksum = "51da2281ea3db0b1f6029b4321acf541ef856baafdf16e990d64953c9737bc3f"

[[package]]
name = "cranelift-module"
version = "0.123.1"
source = "registry+https://github.com/rust-lang/crates.io-index"
checksum = "c9aae4120b4dd649cb88381c30d302b69f846bab04007e009b38fd0699215cff"
dependencies = [
 "anyhow",
 "cranelift-codegen 0.123.1",
 "cranelift-control",
]

[[package]]
name = "cranelift-object"
version = "0.123.1"
source = "registry+https://github.com/rust-lang/crates.io-index"
checksum = "4193b5fc5dc467113653e15846ad52483fa4b37965c91acefc4e3db98fdd0992"
dependencies = [
 "anyhow",
 "cranelift-codegen 0.123.1",
 "cranelift-control",
 "cranelift-module",
 "log",
 "object",
 "target-lexicon 0.13.2",
]

[[package]]
name = "cranelift-preopt"
version = "0.92.1"
source = "registry+https://github.com/rust-lang/crates.io-index"
checksum = "3b70088bf4d527f10be151159224f1915a111e512d9dcbaed4a2b1de5b6e83d6"
dependencies = [
 "cranelift-codegen 0.92.1",
]

[[package]]
name = "cranelift-srcgen"
version = "0.123.1"
source = "registry+https://github.com/rust-lang/crates.io-index"
checksum = "d13dc01a8588b7f7733de0c31b766d85cac04aec078897cde706cebd891f8212"

[[package]]
name = "crc32fast"
version = "1.4.0"
source = "registry+https://github.com/rust-lang/crates.io-index"
checksum = "b3855a8a784b474f333699ef2bbca9db2c4a1f6d9088a90a2d25b1eb53111eaa"
dependencies = [
 "cfg-if",
]

[[package]]
name = "current_platform"
version = "0.2.0"
source = "registry+https://github.com/rust-lang/crates.io-index"
checksum = "a74858bcfe44b22016cb49337d7b6f04618c58e5dbfdef61b06b8c434324a0bc"

[[package]]
name = "equivalent"
version = "1.0.1"
source = "registry+https://github.com/rust-lang/crates.io-index"
checksum = "5443807d6dff69373d433ab9ef5378ad8df50ca6298caf15de6e52e24aaf54d5"

[[package]]
name = "fallible-iterator"
version = "0.2.0"
source = "registry+https://github.com/rust-lang/crates.io-index"
checksum = "4443176a9f2c162692bd3d352d745ef9413eec5782a80d8fd6f8a1ac692a07f7"

[[package]]
name = "fallible-iterator"
version = "0.3.0"
source = "registry+https://github.com/rust-lang/crates.io-index"
checksum = "2acce4a10f12dc2fb14a218589d4f1f62ef011b2d0cc4b3cb1bba8e94da14649"

[[package]]
name = "foldhash"
version = "0.1.5"
source = "registry+https://github.com/rust-lang/crates.io-index"
checksum = "d9c4f5dac5e15c24eb999c26181a6ca40b39fe946cbe4c263c7209467bc83af2"

[[package]]
name = "fxhash"
version = "0.2.1"
source = "registry+https://github.com/rust-lang/crates.io-index"
checksum = "c31b6d751ae2c7f11320402d34e41349dd1016f8d5d45e48c4312bc8625af50c"
dependencies = [
 "byteorder",
]

[[package]]
name = "getrandom"
version = "0.2.15"
source = "registry+https://github.com/rust-lang/crates.io-index"
checksum = "c4567c8db10ae91089c99af84c68c38da3ec2f087c3f82960bcdbf3656b6f4d7"
dependencies = [
 "cfg-if",
 "libc",
 "wasi",
]

[[package]]
name = "gimli"
version = "0.26.2"
source = "registry+https://github.com/rust-lang/crates.io-index"
checksum = "22030e2c5a68ec659fde1e949a745124b48e6fa8b045b7ed5bd1fe4ccc5c4e5d"
dependencies = [
 "fallible-iterator 0.2.0",
 "indexmap 1.9.3",
 "stable_deref_trait",
]

[[package]]
name = "gimli"
version = "0.32.1"
source = "registry+https://github.com/rust-lang/crates.io-index"
checksum = "cd54e8795d97c9f5561c63529d98fcc0c2eed9e982deecc396797f2c04cff298"
dependencies = [
 "fallible-iterator 0.3.0",
 "indexmap 2.2.6",
 "stable_deref_trait",
]

[[package]]
name = "hashbrown"
version = "0.12.3"
source = "registry+https://github.com/rust-lang/crates.io-index"
checksum = "8a9ee70c43aaf417c914396645a0fa852624801b24ebb7ae78fe8272889ac888"
dependencies = [
 "ahash",
]

[[package]]
name = "hashbrown"
version = "0.14.5"
source = "registry+https://github.com/rust-lang/crates.io-index"
checksum = "e5274423e17b7c9fc20b6e7e208532f9b19825d82dfd615708b70edd83df41f1"

[[package]]
name = "hashbrown"
version = "0.15.5"
source = "registry+https://github.com/rust-lang/crates.io-index"
checksum = "9229cfe53dfd69f0609a49f65461bd93001ea1ef889cd5529dd176593f5338a1"
dependencies = [
 "foldhash",
]

[[package]]
name = "heck"
version = "0.5.0"
source = "registry+https://github.com/rust-lang/crates.io-index"
checksum = "2304e00983f87ffb38b55b444b5e3b60a884b5d30c0fca7d82fe33449bbe55ea"

[[package]]
name = "indexmap"
version = "1.9.3"
source = "registry+https://github.com/rust-lang/crates.io-index"
checksum = "bd070e393353796e801d209ad339e89596eb4c8d430d18ede6a1cced8fafbd99"
dependencies = [
 "autocfg",
 "hashbrown 0.12.3",
]

[[package]]
name = "indexmap"
version = "2.2.6"
source = "registry+https://github.com/rust-lang/crates.io-index"
checksum = "168fb715dda47215e360912c096649d23d58bf392ac62f73919e831745e40f26"
dependencies = [
 "equivalent",
 "hashbrown 0.14.5",
]

[[package]]
name = "libc"
version = "0.2.155"
source = "registry+https://github.com/rust-lang/crates.io-index"
checksum = "97b3888a4aecf77e811145cadf6eef5901f4782c53886191b2f693f24761847c"

[[package]]
name = "libm"
version = "0.2.15"
source = "registry+https://github.com/rust-lang/crates.io-index"
checksum = "f9fbbcab51052fe104eb5e5d351cf728d30a5be1fe14d9be8a3b097481fb97de"

[[package]]
name = "log"
version = "0.4.27"
source = "registry+https://github.com/rust-lang/crates.io-index"
checksum = "13dc2df351e3202783a1fe0d44375f7295ffb4049267b0f3018346dc122a1d94"

[[package]]
name = "memchr"
version = "2.7.2"
source = "registry+https://github.com/rust-lang/crates.io-index"
checksum = "6c8640c5d730cb13ebd907d8d04b52f55ac9a2eec55b440c8892f40d56c76c1d"

[[package]]
name = "object"
version = "0.37.3"
source = "registry+https://github.com/rust-lang/crates.io-index"
checksum = "ff76201f031d8863c38aa7f905eca4f53abbfa15f609db4277d44cd8938f33fe"
dependencies = [
 "crc32fast",
 "hashbrown 0.15.5",
 "indexmap 2.2.6",
 "memchr",
]

[[package]]
name = "once_cell"
version = "1.19.0"
source = "registry+https://github.com/rust-lang/crates.io-index"
checksum = "3fdb12b2476b595f9358c5161aa467c2438859caa136dec86c26fdd2efe17b92"

[[package]]
name = "proc-macro2"
version = "1.0.101"
source = "registry+https://github.com/rust-lang/crates.io-index"
checksum = "89ae43fd86e4158d6db51ad8e2b80f313af9cc74f5c0e03ccb87de09998732de"
dependencies = [
 "unicode-ident",
]

[[package]]
name = "quote"
version = "1.0.36"
source = "registry+https://github.com/rust-lang/crates.io-index"
checksum = "0fa76aaf39101c457836aec0ce2316dbdc3ab723cdda1c6bd4e6ad4208acaca7"
dependencies = [
 "proc-macro2",
]

[[package]]
name = "regalloc2"
version = "0.5.1"
source = "registry+https://github.com/rust-lang/crates.io-index"
checksum = "300d4fbfb40c1c66a78ba3ddd41c1110247cf52f97b87d0f2fc9209bd49b030c"
dependencies = [
 "fxhash",
 "log",
 "slice-group-by",
 "smallvec",
]

[[package]]
name = "regalloc2"
version = "0.12.2"
source = "registry+https://github.com/rust-lang/crates.io-index"
checksum = "5216b1837de2149f8bc8e6d5f88a9326b63b8c836ed58ce4a0a29ec736a59734"
dependencies = [
 "allocator-api2",
 "bumpalo",
 "hashbrown 0.15.5",
 "log",
 "rustc-hash",
 "smallvec",
]

[[package]]
name = "rustc-hash"
version = "2.1.1"
source = "registry+https://github.com/rust-lang/crates.io-index"
checksum = "357703d41365b4b27c590e3ed91eabb1b663f07c4c084095e60cbed4362dff0d"

[[package]]
name = "serde"
version = "1.0.219"
source = "registry+https://github.com/rust-lang/crates.io-index"
checksum = "5f0e2c6ed6606019b4e29e69dbaba95b11854410e5347d525002456dbbb786b6"
dependencies = [
 "serde_derive",
]

[[package]]
name = "serde_derive"
version = "1.0.219"
source = "registry+https://github.com/rust-lang/crates.io-index"
checksum = "5b0276cf7f2c73365f7157c8123c21cd9a50fbbd844757af28ca1f5925fc2a00"
dependencies = [
 "proc-macro2",
 "quote",
 "syn",
]

[[package]]
name = "slice-group-by"
version = "0.3.1"
source = "registry+https://github.com/rust-lang/crates.io-index"
checksum = "826167069c09b99d56f31e9ae5c99049e932a98c9dc2dac47645b08dbbf76ba7"

[[package]]
name = "smallvec"
version = "1.13.2"
source = "registry+https://github.com/rust-lang/crates.io-index"
checksum = "3c5e1a9a646d36c3599cd173a41282daf47c44583ad367b8e6837255952e5c67"

[[package]]
name = "stable_deref_trait"
version = "1.2.0"
source = "registry+https://github.com/rust-lang/crates.io-index"
checksum = "a8f112729512f8e442d81f95a8a7ddf2b7c6b8a1a6f509a95864142b30cab2d3"

[[package]]
name = "syn"
version = "2.0.106"
source = "registry+https://github.com/rust-lang/crates.io-index"
checksum = "ede7c438028d4436d71104916910f5bb611972c5cfd7f89b8300a8186e6fada6"
dependencies = [
 "proc-macro2",
 "quote",
 "unicode-ident",
]

[[package]]
name = "target-lexicon"
version = "0.12.14"
source = "registry+https://github.com/rust-lang/crates.io-index"
checksum = "e1fc403891a21bcfb7c37834ba66a547a8f402146eba7265b5a6d88059c9ff2f"

[[package]]
name = "target-lexicon"
version = "0.13.2"
source = "registry+https://github.com/rust-lang/crates.io-index"
checksum = "e502f78cdbb8ba4718f566c418c52bc729126ffd16baee5baa718cf25dd5a69a"

[[package]]
name = "unicode-ident"
version = "1.0.12"
source = "registry+https://github.com/rust-lang/crates.io-index"
checksum = "3354b9ac3fae1ff6755cb6db53683adb661634f67557942dea4facebec0fee4b"

[[package]]
name = "version_check"
version = "0.9.4"
source = "registry+https://github.com/rust-lang/crates.io-index"
checksum = "49874b5167b65d7193b8aba1567f5c7d93d001cafc34600cee003eda787e483f"

[[package]]
name = "wasi"
version = "0.11.0+wasi-snapshot-preview1"
source = "registry+https://github.com/rust-lang/crates.io-index"
checksum = "9c8d87e72b64a3b4db28d11ce29237c246188f4f51057d65a7eab63b7987e423"

[[package]]
name = "wasmtime-internal-math"
version = "36.0.1"
source = "registry+https://github.com/rust-lang/crates.io-index"
checksum = "08d8b81a4083aa76d3cd3ebf24f0564b6d17d4faffd47c42dd218798aa5894d4"
dependencies = [
 "libm",
]
